{
  "version": 1,
  "dependencies": {
    ".NETStandard,Version=v2.1": {
      "FluentValidation": {
        "type": "Direct",
        "requested": "[11.4.0, )",
        "resolved": "11.4.0",
        "contentHash": "WZJyrNf4suiaI6avVG32W9kmBLC3+V5rDTcLeRJjeU4tDmTyDIOz1459DzCKppXs34YpZg9rCUzDY3M4XxG7Ug=="
      },
      "FluentValidation.DependencyInjectionExtensions": {
        "type": "Direct",
        "requested": "[11.4.0, )",
        "resolved": "11.4.0",
        "contentHash": "iZXtoDqfRnggHwIbFWnK1sFs3KlTadH5ezNDiXz411OSkUNowBRboaZBcSvx4gEot7CNZdoReUKWYJwow2+mbg==",
        "dependencies": {
          "FluentValidation": "11.4.0",
          "Microsoft.Extensions.Dependencyinjection.Abstractions": "2.1.0"
        }
      },
      "MediatR": {
        "type": "Direct",
        "requested": "[11.1.0, )",
        "resolved": "11.1.0",
        "contentHash": "YIbtrLOyeCuIv8vIuHL/mMdls5xmgS36pIOJDxKZuu55nxA2MI2Z+E/Uk0z+F/LE11AGmpjplOM0NZ91m5LQBA==",
        "dependencies": {
          "MediatR.Contracts": "1.0.1"
        }
      },
      "MediatR.Extensions.Microsoft.DependencyInjection": {
        "type": "Direct",
        "requested": "[11.0.0, )",
        "resolved": "11.0.0",
        "contentHash": "jfD2NBYvP+HiUil2DWfM4bn+bCLp4H2xvoc9aorcnn2Jpgz7Ey8RyYMpgqeF3bs6CP6t8pzb6WkF5NFF/1RLHA==",
        "dependencies": {
          "MediatR": "11.0.0",
          "Microsoft.Extensions.DependencyInjection.Abstractions": "6.0.0"
        }
      },
      "MediatR.Contracts": {
        "type": "Transitive",
        "resolved": "1.0.1",
        "contentHash": "NsRvOxthhkYml4DcBMyJsmym8C4MchioH7wxKVPEg7plFj9Euh/i4IcmZ3Gvgx6+K8obeuhPeJdoBl56wnuo3A=="
      },
      "Microsoft.Extensions.DependencyInjection.Abstractions": {
        "type": "Transitive",
        "resolved": "6.0.0",
        "contentHash": "xlzi2IYREJH3/m6+lUrQlujzX8wDitm4QGnUu6kUXTQAWPuZY8i+ticFJbzfqaetLA6KR/rO6Ew/HuYD+bxifg=="
      }
    }
  }
}